// !$*UTF8*$!
{
	archiveVersion = 1;
	classes = {
	};
	objectVersion = 56;
	objects = {

/* Begin PBXBuildFile section */
		2C2789A92972C1F60028E029 /* AppDelegate.swift in Sources */ = {isa = PBXBuildFile; fileRef = 2C2789A82972C1F60028E029 /* AppDelegate.swift */; };
		2C2789AB2972C1F60028E029 /* SceneDelegate.swift in Sources */ = {isa = PBXBuildFile; fileRef = 2C2789AA2972C1F60028E029 /* SceneDelegate.swift */; };
		2C2789AD2972C1F60028E029 /* ViewController.swift in Sources */ = {isa = PBXBuildFile; fileRef = 2C2789AC2972C1F60028E029 /* ViewController.swift */; };
		2C2789B02972C1F60028E029 /* Main.storyboard in Resources */ = {isa = PBXBuildFile; fileRef = 2C2789AE2972C1F60028E029 /* Main.storyboard */; };
		2C2789B22972C1F80028E029 /* Assets.xcassets in Resources */ = {isa = PBXBuildFile; fileRef = 2C2789B12972C1F80028E029 /* Assets.xcassets */; };
		2C2789B52972C1F80028E029 /* LaunchScreen.storyboard in Resources */ = {isa = PBXBuildFile; fileRef = 2C2789B32972C1F80028E029 /* LaunchScreen.storyboard */; };
		2C2789C22973E5C70028E029 /* MusicCell.swift in Sources */ = {isa = PBXBuildFile; fileRef = 2C2789C02973E5C70028E029 /* MusicCell.swift */; };
		2C2789C32973E5C70028E029 /* MusicCell.xib in Resources */ = {isa = PBXBuildFile; fileRef = 2C2789C12973E5C70028E029 /* MusicCell.xib */; };
		2C2789C52973F0A80028E029 /* NetworkManager.swift in Sources */ = {isa = PBXBuildFile; fileRef = 2C2789C42973F0A80028E029 /* NetworkManager.swift */; };
		2C2789C72973F6180028E029 /* Constants.swift in Sources */ = {isa = PBXBuildFile; fileRef = 2C2789C62973F6170028E029 /* Constants.swift */; };
		2C2789C92973FE040028E029 /* Music.swift in Sources */ = {isa = PBXBuildFile; fileRef = 2C2789C82973FE040028E029 /* Music.swift */; };
		2C7809782987AC0B00AB5B44 /* CoreDataManager.swift in Sources */ = {isa = PBXBuildFile; fileRef = 2C7809772987AC0B00AB5B44 /* CoreDataManager.swift */; };
		2C78097B2987B93E00AB5B44 /* SavedMusicCell.swift in Sources */ = {isa = PBXBuildFile; fileRef = 2C7809792987B93E00AB5B44 /* SavedMusicCell.swift */; };
		2C78097C2987B93E00AB5B44 /* SavedMusicCell.xib in Resources */ = {isa = PBXBuildFile; fileRef = 2C78097A2987B93E00AB5B44 /* SavedMusicCell.xib */; };
		2C78097F2989470900AB5B44 /* SavedListViewController.swift in Sources */ = {isa = PBXBuildFile; fileRef = 2C78097E2989470900AB5B44 /* SavedListViewController.swift */; };
		2CB2DDB52983D05000B47EB4 /* MusicSavedData.xcdatamodeld in Sources */ = {isa = PBXBuildFile; fileRef = 2CB2DDB32983D05000B47EB4 /* MusicSavedData.xcdatamodeld */; };
		2CB2DDB82983D18500B47EB4 /* MusicSavedData+CoreDataClass.swift in Sources */ = {isa = PBXBuildFile; fileRef = 2CB2DDB62983D18500B47EB4 /* MusicSavedData+CoreDataClass.swift */; };
		2CB2DDB92983D18500B47EB4 /* MusicSavedData+CoreDataProperties.swift in Sources */ = {isa = PBXBuildFile; fileRef = 2CB2DDB72983D18500B47EB4 /* MusicSavedData+CoreDataProperties.swift */; };
		2CB2DDBB2983E1DA00B47EB4 /* MusicManager.swift in Sources */ = {isa = PBXBuildFile; fileRef = 2CB2DDBA2983E1DA00B47EB4 /* MusicManager.swift */; };
/* End PBXBuildFile section */

/* Begin PBXFileReference section */
		2C2789A52972C1F60028E029 /* MyMusicApp.app */ = {isa = PBXFileReference; explicitFileType = wrapper.application; includeInIndex = 0; path = MyMusicApp.app; sourceTree = BUILT_PRODUCTS_DIR; };
		2C2789A82972C1F60028E029 /* AppDelegate.swift */ = {isa = PBXFileReference; lastKnownFileType = sourcecode.swift; path = AppDelegate.swift; sourceTree = "<group>"; };
		2C2789AA2972C1F60028E029 /* SceneDelegate.swift */ = {isa = PBXFileReference; lastKnownFileType = sourcecode.swift; path = SceneDelegate.swift; sourceTree = "<group>"; };
		2C2789AC2972C1F60028E029 /* ViewController.swift */ = {isa = PBXFileReference; lastKnownFileType = sourcecode.swift; path = ViewController.swift; sourceTree = "<group>"; };
		2C2789AF2972C1F60028E029 /* Base */ = {isa = PBXFileReference; lastKnownFileType = file.storyboard; name = Base; path = Base.lproj/Main.storyboard; sourceTree = "<group>"; };
		2C2789B12972C1F80028E029 /* Assets.xcassets */ = {isa = PBXFileReference; lastKnownFileType = folder.assetcatalog; path = Assets.xcassets; sourceTree = "<group>"; };
		2C2789B42972C1F80028E029 /* Base */ = {isa = PBXFileReference; lastKnownFileType = file.storyboard; name = Base; path = Base.lproj/LaunchScreen.storyboard; sourceTree = "<group>"; };
		2C2789B62972C1F80028E029 /* Info.plist */ = {isa = PBXFileReference; lastKnownFileType = text.plist.xml; path = Info.plist; sourceTree = "<group>"; };
		2C2789C02973E5C70028E029 /* MusicCell.swift */ = {isa = PBXFileReference; lastKnownFileType = sourcecode.swift; path = MusicCell.swift; sourceTree = "<group>"; };
		2C2789C12973E5C70028E029 /* MusicCell.xib */ = {isa = PBXFileReference; lastKnownFileType = file.xib; path = MusicCell.xib; sourceTree = "<group>"; };
		2C2789C42973F0A80028E029 /* NetworkManager.swift */ = {isa = PBXFileReference; lastKnownFileType = sourcecode.swift; path = NetworkManager.swift; sourceTree = "<group>"; };
		2C2789C62973F6170028E029 /* Constants.swift */ = {isa = PBXFileReference; lastKnownFileType = sourcecode.swift; path = Constants.swift; sourceTree = "<group>"; };
		2C2789C82973FE040028E029 /* Music.swift */ = {isa = PBXFileReference; lastKnownFileType = sourcecode.swift; path = Music.swift; sourceTree = "<group>"; };
		2C7809772987AC0B00AB5B44 /* CoreDataManager.swift */ = {isa = PBXFileReference; lastKnownFileType = sourcecode.swift; path = CoreDataManager.swift; sourceTree = "<group>"; };
		2C7809792987B93E00AB5B44 /* SavedMusicCell.swift */ = {isa = PBXFileReference; lastKnownFileType = sourcecode.swift; path = SavedMusicCell.swift; sourceTree = "<group>"; };
		2C78097A2987B93E00AB5B44 /* SavedMusicCell.xib */ = {isa = PBXFileReference; lastKnownFileType = file.xib; path = SavedMusicCell.xib; sourceTree = "<group>"; };
		2C78097E2989470900AB5B44 /* SavedListViewController.swift */ = {isa = PBXFileReference; lastKnownFileType = sourcecode.swift; path = SavedListViewController.swift; sourceTree = "<group>"; };
		2CB2DDB42983D05000B47EB4 /* MusicSavedData.xcdatamodel */ = {isa = PBXFileReference; lastKnownFileType = wrapper.xcdatamodel; path = MusicSavedData.xcdatamodel; sourceTree = "<group>"; };
		2CB2DDB62983D18500B47EB4 /* MusicSavedData+CoreDataClass.swift */ = {isa = PBXFileReference; lastKnownFileType = sourcecode.swift; path = "MusicSavedData+CoreDataClass.swift"; sourceTree = "<group>"; };
		2CB2DDB72983D18500B47EB4 /* MusicSavedData+CoreDataProperties.swift */ = {isa = PBXFileReference; lastKnownFileType = sourcecode.swift; path = "MusicSavedData+CoreDataProperties.swift"; sourceTree = "<group>"; };
		2CB2DDBA2983E1DA00B47EB4 /* MusicManager.swift */ = {isa = PBXFileReference; lastKnownFileType = sourcecode.swift; path = MusicManager.swift; sourceTree = "<group>"; };
/* End PBXFileReference section */

/* Begin PBXFrameworksBuildPhase section */
		2C2789A22972C1F60028E029 /* Frameworks */ = {
			isa = PBXFrameworksBuildPhase;
			buildActionMask = 2147483647;
			files = (
			);
			runOnlyForDeploymentPostprocessing = 0;
		};
/* End PBXFrameworksBuildPhase section */

/* Begin PBXGroup section */
		2C27899C2972C1F60028E029 = {
			isa = PBXGroup;
			children = (
				2C2789A72972C1F60028E029 /* MyMusicApp */,
				2C2789A62972C1F60028E029 /* Products */,
			);
			sourceTree = "<group>";
		};
		2C2789A62972C1F60028E029 /* Products */ = {
			isa = PBXGroup;
			children = (
				2C2789A52972C1F60028E029 /* MyMusicApp.app */,
			);
			name = Products;
			sourceTree = "<group>";
		};
		2C2789A72972C1F60028E029 /* MyMusicApp */ = {
			isa = PBXGroup;
			children = (
				2C2789A82972C1F60028E029 /* AppDelegate.swift */,
				2C2789AA2972C1F60028E029 /* SceneDelegate.swift */,
				2C2789D2297697DD0028E029 /* Helper */,
				2C2789CA29752D2B0028E029 /* Networking */,
				2C2789D1297697D10028E029 /* Models */,
				2C2789D0297697CE0028E029 /* Views */,
				2C2789CF297697CC0028E029 /* Controllers */,
				2CB2DDB32983D05000B47EB4 /* MusicSavedData.xcdatamodeld */,
				2C2789B12972C1F80028E029 /* Assets.xcassets */,
				2C2789B32972C1F80028E029 /* LaunchScreen.storyboard */,
				2C2789B62972C1F80028E029 /* Info.plist */,
			);
			path = MyMusicApp;
			sourceTree = "<group>";
		};
		2C2789CA29752D2B0028E029 /* Networking */ = {
			isa = PBXGroup;
			children = (
				2C2789C42973F0A80028E029 /* NetworkManager.swift */,
			);
			path = Networking;
			sourceTree = "<group>";
		};
		2C2789CF297697CC0028E029 /* Controllers */ = {
			isa = PBXGroup;
			children = (
				2C2789AC2972C1F60028E029 /* ViewController.swift */,
				2C78097E2989470900AB5B44 /* SavedListViewController.swift */,
			);
			path = Controllers;
			sourceTree = "<group>";
		};
		2C2789D0297697CE0028E029 /* Views */ = {
			isa = PBXGroup;
			children = (
				2C2789AE2972C1F60028E029 /* Main.storyboard */,
				2C7809792987B93E00AB5B44 /* SavedMusicCell.swift */,
				2C78097A2987B93E00AB5B44 /* SavedMusicCell.xib */,
				2C2789C02973E5C70028E029 /* MusicCell.swift */,
				2C2789C12973E5C70028E029 /* MusicCell.xib */,
			);
			path = Views;
			sourceTree = "<group>";
		};
		2C2789D1297697D10028E029 /* Models */ = {
			isa = PBXGroup;
			children = (
				2CB2DDB62983D18500B47EB4 /* MusicSavedData+CoreDataClass.swift */,
				2CB2DDB72983D18500B47EB4 /* MusicSavedData+CoreDataProperties.swift */,
				2C2789C82973FE040028E029 /* Music.swift */,
				2CB2DDBA2983E1DA00B47EB4 /* MusicManager.swift */,
				2C7809772987AC0B00AB5B44 /* CoreDataManager.swift */,
			);
			path = Models;
			sourceTree = "<group>";
		};
		2C2789D2297697DD0028E029 /* Helper */ = {
			isa = PBXGroup;
			children = (
				2C2789C62973F6170028E029 /* Constants.swift */,
			);
			path = Helper;
			sourceTree = "<group>";
		};
/* End PBXGroup section */

/* Begin PBXNativeTarget section */
		2C2789A42972C1F60028E029 /* MyMusicApp */ = {
			isa = PBXNativeTarget;
			buildConfigurationList = 2C2789B92972C1F80028E029 /* Build configuration list for PBXNativeTarget "MyMusicApp" */;
			buildPhases = (
				2C2789A12972C1F60028E029 /* Sources */,
				2C2789A22972C1F60028E029 /* Frameworks */,
				2C2789A32972C1F60028E029 /* Resources */,
			);
			buildRules = (
			);
			dependencies = (
			);
			name = MyMusicApp;
			productName = MyMusicApp;
			productReference = 2C2789A52972C1F60028E029 /* MyMusicApp.app */;
			productType = "com.apple.product-type.application";
		};
/* End PBXNativeTarget section */

/* Begin PBXProject section */
		2C27899D2972C1F60028E029 /* Project object */ = {
			isa = PBXProject;
			attributes = {
				BuildIndependentTargetsInParallel = 1;
				LastSwiftUpdateCheck = 1420;
				LastUpgradeCheck = 1420;
				TargetAttributes = {
					2C2789A42972C1F60028E029 = {
						CreatedOnToolsVersion = 14.2;
					};
				};
			};
			buildConfigurationList = 2C2789A02972C1F60028E029 /* Build configuration list for PBXProject "MyMusicApp" */;
			compatibilityVersion = "Xcode 14.0";
			developmentRegion = en;
			hasScannedForEncodings = 0;
			knownRegions = (
				en,
				Base,
			);
			mainGroup = 2C27899C2972C1F60028E029;
			productRefGroup = 2C2789A62972C1F60028E029 /* Products */;
			projectDirPath = "";
			projectRoot = "";
			targets = (
				2C2789A42972C1F60028E029 /* MyMusicApp */,
			);
		};
/* End PBXProject section */

/* Begin PBXResourcesBuildPhase section */
		2C2789A32972C1F60028E029 /* Resources */ = {
			isa = PBXResourcesBuildPhase;
			buildActionMask = 2147483647;
			files = (
				2C2789B52972C1F80028E029 /* LaunchScreen.storyboard in Resources */,
				2C2789B22972C1F80028E029 /* Assets.xcassets in Resources */,
				2C78097C2987B93E00AB5B44 /* SavedMusicCell.xib in Resources */,
				2C2789B02972C1F60028E029 /* Main.storyboard in Resources */,
				2C2789C32973E5C70028E029 /* MusicCell.xib in Resources */,
			);
			runOnlyForDeploymentPostprocessing = 0;
		};
/* End PBXResourcesBuildPhase section */

/* Begin PBXSourcesBuildPhase section */
		2C2789A12972C1F60028E029 /* Sources */ = {
			isa = PBXSourcesBuildPhase;
			buildActionMask = 2147483647;
			files = (
				2C2789AD2972C1F60028E029 /* ViewController.swift in Sources */,
				2C2789A92972C1F60028E029 /* AppDelegate.swift in Sources */,
				2CB2DDB82983D18500B47EB4 /* MusicSavedData+CoreDataClass.swift in Sources */,
				2C78097B2987B93E00AB5B44 /* SavedMusicCell.swift in Sources */,
				2C78097F2989470900AB5B44 /* SavedListViewController.swift in Sources */,
				2C2789C52973F0A80028E029 /* NetworkManager.swift in Sources */,
				2C2789AB2972C1F60028E029 /* SceneDelegate.swift in Sources */,
				2CB2DDBB2983E1DA00B47EB4 /* MusicManager.swift in Sources */,
				2C2789C92973FE040028E029 /* Music.swift in Sources */,
				2C2789C22973E5C70028E029 /* MusicCell.swift in Sources */,
				2CB2DDB52983D05000B47EB4 /* MusicSavedData.xcdatamodeld in Sources */,
				2C2789C72973F6180028E029 /* Constants.swift in Sources */,
				2C7809782987AC0B00AB5B44 /* CoreDataManager.swift in Sources */,
				2CB2DDB92983D18500B47EB4 /* MusicSavedData+CoreDataProperties.swift in Sources */,
			);
			runOnlyForDeploymentPostprocessing = 0;
		};
/* End PBXSourcesBuildPhase section */

/* Begin PBXVariantGroup section */
		2C2789AE2972C1F60028E029 /* Main.storyboard */ = {
			isa = PBXVariantGroup;
			children = (
				2C2789AF2972C1F60028E029 /* Base */,
			);
			name = Main.storyboard;
			sourceTree = "<group>";
		};
		2C2789B32972C1F80028E029 /* LaunchScreen.storyboard */ = {
			isa = PBXVariantGroup;
			children = (
				2C2789B42972C1F80028E029 /* Base */,
			);
			name = LaunchScreen.storyboard;
			sourceTree = "<group>";
		};
/* End PBXVariantGroup section */

/* Begin XCBuildConfiguration section */
		2C2789B72972C1F80028E029 /* Debug */ = {
			isa = XCBuildConfiguration;
			buildSettings = {
				ALWAYS_SEARCH_USER_PATHS = NO;
				CLANG_ANALYZER_NONNULL = YES;
				CLANG_ANALYZER_NUMBER_OBJECT_CONVERSION = YES_AGGRESSIVE;
				CLANG_CXX_LANGUAGE_STANDARD = "gnu++20";
				CLANG_ENABLE_MODULES = YES;
				CLANG_ENABLE_OBJC_ARC = YES;
				CLANG_ENABLE_OBJC_WEAK = YES;
				CLANG_WARN_BLOCK_CAPTURE_AUTORELEASING = YES;
				CLANG_WARN_BOOL_CONVERSION = YES;
				CLANG_WARN_COMMA = YES;
				CLANG_WARN_CONSTANT_CONVERSION = YES;
				CLANG_WARN_DEPRECATED_OBJC_IMPLEMENTATIONS = YES;
				CLANG_WARN_DIRECT_OBJC_ISA_USAGE = YES_ERROR;
				CLANG_WARN_DOCUMENTATION_COMMENTS = YES;
				CLANG_WARN_EMPTY_BODY = YES;
				CLANG_WARN_ENUM_CONVERSION = YES;
				CLANG_WARN_INFINITE_RECURSION = YES;
				CLANG_WARN_INT_CONVERSION = YES;
				CLANG_WARN_NON_LITERAL_NULL_CONVERSION = YES;
				CLANG_WARN_OBJC_IMPLICIT_RETAIN_SELF = YES;
				CLANG_WARN_OBJC_LITERAL_CONVERSION = YES;
				CLANG_WARN_OBJC_ROOT_CLASS = YES_ERROR;
				CLANG_WARN_QUOTED_INCLUDE_IN_FRAMEWORK_HEADER = YES;
				CLANG_WARN_RANGE_LOOP_ANALYSIS = YES;
				CLANG_WARN_STRICT_PROTOTYPES = YES;
				CLANG_WARN_SUSPICIOUS_MOVE = YES;
				CLANG_WARN_UNGUARDED_AVAILABILITY = YES_AGGRESSIVE;
				CLANG_WARN_UNREACHABLE_CODE = YES;
				CLANG_WARN__DUPLICATE_METHOD_MATCH = YES;
				COPY_PHASE_STRIP = NO;
				DEBUG_INFORMATION_FORMAT = dwarf;
				ENABLE_STRICT_OBJC_MSGSEND = YES;
				ENABLE_TESTABILITY = YES;
				GCC_C_LANGUAGE_STANDARD = gnu11;
				GCC_DYNAMIC_NO_PIC = NO;
				GCC_NO_COMMON_BLOCKS = YES;
				GCC_OPTIMIZATION_LEVEL = 0;
				GCC_PREPROCESSOR_DEFINITIONS = (
					"DEBUG=1",
					"$(inherited)",
				);
				GCC_WARN_64_TO_32_BIT_CONVERSION = YES;
				GCC_WARN_ABOUT_RETURN_TYPE = YES_ERROR;
				GCC_WARN_UNDECLARED_SELECTOR = YES;
				GCC_WARN_UNINITIALIZED_AUTOS = YES_AGGRESSIVE;
				GCC_WARN_UNUSED_FUNCTION = YES;
				GCC_WARN_UNUSED_VARIABLE = YES;
				IPHONEOS_DEPLOYMENT_TARGET = 16.2;
				MTL_ENABLE_DEBUG_INFO = INCLUDE_SOURCE;
				MTL_FAST_MATH = YES;
				ONLY_ACTIVE_ARCH = YES;
				SDKROOT = iphoneos;
				SWIFT_ACTIVE_COMPILATION_CONDITIONS = DEBUG;
				SWIFT_OPTIMIZATION_LEVEL = "-Onone";
			};
			name = Debug;
		};
		2C2789B82972C1F80028E029 /* Release */ = {
			isa = XCBuildConfiguration;
			buildSettings = {
				ALWAYS_SEARCH_USER_PATHS = NO;
				CLANG_ANALYZER_NONNULL = YES;
				CLANG_ANALYZER_NUMBER_OBJECT_CONVERSION = YES_AGGRESSIVE;
				CLANG_CXX_LANGUAGE_STANDARD = "gnu++20";
				CLANG_ENABLE_MODULES = YES;
				CLANG_ENABLE_OBJC_ARC = YES;
				CLANG_ENABLE_OBJC_WEAK = YES;
				CLANG_WARN_BLOCK_CAPTURE_AUTORELEASING = YES;
				CLANG_WARN_BOOL_CONVERSION = YES;
				CLANG_WARN_COMMA = YES;
				CLANG_WARN_CONSTANT_CONVERSION = YES;
				CLANG_WARN_DEPRECATED_OBJC_IMPLEMENTATIONS = YES;
				CLANG_WARN_DIRECT_OBJC_ISA_USAGE = YES_ERROR;
				CLANG_WARN_DOCUMENTATION_COMMENTS = YES;
				CLANG_WARN_EMPTY_BODY = YES;
				CLANG_WARN_ENUM_CONVERSION = YES;
				CLANG_WARN_INFINITE_RECURSION = YES;
				CLANG_WARN_INT_CONVERSION = YES;
				CLANG_WARN_NON_LITERAL_NULL_CONVERSION = YES;
				CLANG_WARN_OBJC_IMPLICIT_RETAIN_SELF = YES;
				CLANG_WARN_OBJC_LITERAL_CONVERSION = YES;
				CLANG_WARN_OBJC_ROOT_CLASS = YES_ERROR;
				CLANG_WARN_QUOTED_INCLUDE_IN_FRAMEWORK_HEADER = YES;
				CLANG_WARN_RANGE_LOOP_ANALYSIS = YES;
				CLANG_WARN_STRICT_PROTOTYPES = YES;
				CLANG_WARN_SUSPICIOUS_MOVE = YES;
				CLANG_WARN_UNGUARDED_AVAILABILITY = YES_AGGRESSIVE;
				CLANG_WARN_UNREACHABLE_CODE = YES;
				CLANG_WARN__DUPLICATE_METHOD_MATCH = YES;
				COPY_PHASE_STRIP = NO;
				DEBUG_INFORMATION_FORMAT = "dwarf-with-dsym";
				ENABLE_NS_ASSERTIONS = NO;
				ENABLE_STRICT_OBJC_MSGSEND = YES;
				GCC_C_LANGUAGE_STANDARD = gnu11;
				GCC_NO_COMMON_BLOCKS = YES;
				GCC_WARN_64_TO_32_BIT_CONVERSION = YES;
				GCC_WARN_ABOUT_RETURN_TYPE = YES_ERROR;
				GCC_WARN_UNDECLARED_SELECTOR = YES;
				GCC_WARN_UNINITIALIZED_AUTOS = YES_AGGRESSIVE;
				GCC_WARN_UNUSED_FUNCTION = YES;
				GCC_WARN_UNUSED_VARIABLE = YES;
				IPHONEOS_DEPLOYMENT_TARGET = 16.2;
				MTL_ENABLE_DEBUG_INFO = NO;
				MTL_FAST_MATH = YES;
				SDKROOT = iphoneos;
				SWIFT_COMPILATION_MODE = wholemodule;
				SWIFT_OPTIMIZATION_LEVEL = "-O";
				VALIDATE_PRODUCT = YES;
			};
			name = Release;
		};
		2C2789BA2972C1F80028E029 /* Debug */ = {
			isa = XCBuildConfiguration;
			buildSettings = {
				ASSETCATALOG_COMPILER_APPICON_NAME = AppIcon;
				ASSETCATALOG_COMPILER_GLOBAL_ACCENT_COLOR_NAME = AccentColor;
				CODE_SIGN_STYLE = Automatic;
				CURRENT_PROJECT_VERSION = 1;
				DEVELOPMENT_TEAM = 8CQKFLXA8D;
				GENERATE_INFOPLIST_FILE = YES;
				INFOPLIST_FILE = MyMusicApp/Info.plist;
				INFOPLIST_KEY_UIApplicationSupportsIndirectInputEvents = YES;
				INFOPLIST_KEY_UILaunchStoryboardName = LaunchScreen;
				INFOPLIST_KEY_UIMainStoryboardFile = Main;
				INFOPLIST_KEY_UISupportedInterfaceOrientations_iPad = "UIInterfaceOrientationPortrait UIInterfaceOrientationPortraitUpsideDown UIInterfaceOrientationLandscapeLeft UIInterfaceOrientationLandscapeRight";
				INFOPLIST_KEY_UISupportedInterfaceOrientations_iPhone = "UIInterfaceOrientationPortrait UIInterfaceOrientationLandscapeLeft UIInterfaceOrientationLandscapeRight";
				LD_RUNPATH_SEARCH_PATHS = (
					"$(inherited)",
					"@executable_path/Frameworks",
				);
				MARKETING_VERSION = 1.0;
				PRODUCT_BUNDLE_IDENTIFIER = com.EdwardKim.MyMusicApp;
				PRODUCT_NAME = "$(TARGET_NAME)";
				SWIFT_EMIT_LOC_STRINGS = YES;
				SWIFT_VERSION = 5.0;
				TARGETED_DEVICE_FAMILY = "1,2";
			};
			name = Debug;
		};
		2C2789BB2972C1F80028E029 /* Release */ = {
			isa = XCBuildConfiguration;
			buildSettings = {
				ASSETCATALOG_COMPILER_APPICON_NAME = AppIcon;
				ASSETCATALOG_COMPILER_GLOBAL_ACCENT_COLOR_NAME = AccentColor;
				CODE_SIGN_STYLE = Automatic;
				CURRENT_PROJECT_VERSION = 1;
				DEVELOPMENT_TEAM = 8CQKFLXA8D;
				GENERATE_INFOPLIST_FILE = YES;
				INFOPLIST_FILE = MyMusicApp/Info.plist;
				INFOPLIST_KEY_UIApplicationSupportsIndirectInputEvents = YES;
				INFOPLIST_KEY_UILaunchStoryboardName = LaunchScreen;
				INFOPLIST_KEY_UIMainStoryboardFile = Main;
				INFOPLIST_KEY_UISupportedInterfaceOrientations_iPad = "UIInterfaceOrientationPortrait UIInterfaceOrientationPortraitUpsideDown UIInterfaceOrientationLandscapeLeft UIInterfaceOrientationLandscapeRight";
				INFOPLIST_KEY_UISupportedInterfaceOrientations_iPhone = "UIInterfaceOrientationPortrait UIInterfaceOrientationLandscapeLeft UIInterfaceOrientationLandscapeRight";
				LD_RUNPATH_SEARCH_PATHS = (
					"$(inherited)",
					"@executable_path/Frameworks",
				);
				MARKETING_VERSION = 1.0;
				PRODUCT_BUNDLE_IDENTIFIER = com.EdwardKim.MyMusicApp;
				PRODUCT_NAME = "$(TARGET_NAME)";
				SWIFT_EMIT_LOC_STRINGS = YES;
				SWIFT_VERSION = 5.0;
				TARGETED_DEVICE_FAMILY = "1,2";
			};
			name = Release;
		};
/* End XCBuildConfiguration section */

/* Begin XCConfigurationList section */
		2C2789A02972C1F60028E029 /* Build configuration list for PBXProject "MyMusicApp" */ = {
			isa = XCConfigurationList;
			buildConfigurations = (
				2C2789B72972C1F80028E029 /* Debug */,
				2C2789B82972C1F80028E029 /* Release */,
			);
			defaultConfigurationIsVisible = 0;
			defaultConfigurationName = Release;
		};
		2C2789B92972C1F80028E029 /* Build configuration list for PBXNativeTarget "MyMusicApp" */ = {
			isa = XCConfigurationList;
			buildConfigurations = (
				2C2789BA2972C1F80028E029 /* Debug */,
				2C2789BB2972C1F80028E029 /* Release */,
			);
			defaultConfigurationIsVisible = 0;
			defaultConfigurationName = Release;
		};
/* End XCConfigurationList section */

/* Begin XCVersionGroup section */
		2CB2DDB32983D05000B47EB4 /* MusicSavedData.xcdatamodeld */ = {
			isa = XCVersionGroup;
			children = (
				2CB2DDB42983D05000B47EB4 /* MusicSavedData.xcdatamodel */,
			);
			currentVersion = 2CB2DDB42983D05000B47EB4 /* MusicSavedData.xcdatamodel */;
			path = MusicSavedData.xcdatamodeld;
			sourceTree = "<group>";
			versionGroupType = wrapper.xcdatamodel;
		};
/* End XCVersionGroup section */
	};
	rootObject = 2C27899D2972C1F60028E029 /* Project object */;
}
